// !$*UTF8*$!
{
	archiveVersion = 1;
	classes = {
	};
	objectVersion = 56;
	objects = {

/* Begin PBXBuildFile section */
		A426E3872A95B3B6003FEA13 /* AppTemplateApp.swift in Sources */ = {isa = PBXBuildFile; fileRef = A426E3862A95B3B6003FEA13 /* AppTemplateApp.swift */; };
		A426E3892A95B3B6003FEA13 /* ContentView.swift in Sources */ = {isa = PBXBuildFile; fileRef = A426E3882A95B3B6003FEA13 /* ContentView.swift */; };
		A426E38B2A95B3B7003FEA13 /* Assets.xcassets in Resources */ = {isa = PBXBuildFile; fileRef = A426E38A2A95B3B7003FEA13 /* Assets.xcassets */; };
		A426E38E2A95B3B7003FEA13 /* Preview Assets.xcassets in Resources */ = {isa = PBXBuildFile; fileRef = A426E38D2A95B3B7003FEA13 /* Preview Assets.xcassets */; };
		A426E3982A95B3B7003FEA13 /* AppTemplateTests.swift in Sources */ = {isa = PBXBuildFile; fileRef = A426E3972A95B3B7003FEA13 /* AppTemplateTests.swift */; };
		A426E3A22A95B3B7003FEA13 /* AppTemplateUITests.swift in Sources */ = {isa = PBXBuildFile; fileRef = A426E3A12A95B3B7003FEA13 /* AppTemplateUITests.swift */; };
		A426E3A42A95B3B7003FEA13 /* AppTemplateUITestsLaunchTests.swift in Sources */ = {isa = PBXBuildFile; fileRef = A426E3A32A95B3B7003FEA13 /* AppTemplateUITestsLaunchTests.swift */; };
		A426E3B22A95B420003FEA13 /* Scripts in Resources */ = {isa = PBXBuildFile; fileRef = A426E3B12A95B420003FEA13 /* Scripts */; };
/* End PBXBuildFile section */

/* Begin PBXContainerItemProxy section */
		A426E3942A95B3B7003FEA13 /* PBXContainerItemProxy */ = {
			isa = PBXContainerItemProxy;
			containerPortal = A426E37B2A95B3B6003FEA13 /* Project object */;
			proxyType = 1;
			remoteGlobalIDString = A426E3822A95B3B6003FEA13;
			remoteInfo = AppTemplate;
		};
		A426E39E2A95B3B7003FEA13 /* PBXContainerItemProxy */ = {
			isa = PBXContainerItemProxy;
			containerPortal = A426E37B2A95B3B6003FEA13 /* Project object */;
			proxyType = 1;
			remoteGlobalIDString = A426E3822A95B3B6003FEA13;
			remoteInfo = AppTemplate;
		};
/* End PBXContainerItemProxy section */

/* Begin PBXFileReference section */
		A426E3832A95B3B6003FEA13 /* AppTemplate.app */ = {isa = PBXFileReference; explicitFileType = wrapper.application; includeInIndex = 0; path = AppTemplate.app; sourceTree = BUILT_PRODUCTS_DIR; };
		A426E3862A95B3B6003FEA13 /* AppTemplateApp.swift */ = {isa = PBXFileReference; lastKnownFileType = sourcecode.swift; path = AppTemplateApp.swift; sourceTree = "<group>"; };
		A426E3882A95B3B6003FEA13 /* ContentView.swift */ = {isa = PBXFileReference; lastKnownFileType = sourcecode.swift; path = ContentView.swift; sourceTree = "<group>"; };
		A426E38A2A95B3B7003FEA13 /* Assets.xcassets */ = {isa = PBXFileReference; lastKnownFileType = folder.assetcatalog; path = Assets.xcassets; sourceTree = "<group>"; };
		A426E38D2A95B3B7003FEA13 /* Preview Assets.xcassets */ = {isa = PBXFileReference; lastKnownFileType = folder.assetcatalog; path = "Preview Assets.xcassets"; sourceTree = "<group>"; };
		A426E3932A95B3B7003FEA13 /* AppTemplateTests.xctest */ = {isa = PBXFileReference; explicitFileType = wrapper.cfbundle; includeInIndex = 0; path = AppTemplateTests.xctest; sourceTree = BUILT_PRODUCTS_DIR; };
		A426E3972A95B3B7003FEA13 /* AppTemplateTests.swift */ = {isa = PBXFileReference; lastKnownFileType = sourcecode.swift; path = AppTemplateTests.swift; sourceTree = "<group>"; };
		A426E39D2A95B3B7003FEA13 /* AppTemplateUITests.xctest */ = {isa = PBXFileReference; explicitFileType = wrapper.cfbundle; includeInIndex = 0; path = AppTemplateUITests.xctest; sourceTree = BUILT_PRODUCTS_DIR; };
		A426E3A12A95B3B7003FEA13 /* AppTemplateUITests.swift */ = {isa = PBXFileReference; lastKnownFileType = sourcecode.swift; path = AppTemplateUITests.swift; sourceTree = "<group>"; };
		A426E3A32A95B3B7003FEA13 /* AppTemplateUITestsLaunchTests.swift */ = {isa = PBXFileReference; lastKnownFileType = sourcecode.swift; path = AppTemplateUITestsLaunchTests.swift; sourceTree = "<group>"; };
		A426E3B12A95B420003FEA13 /* Scripts */ = {isa = PBXFileReference; lastKnownFileType = folder; path = Scripts; sourceTree = "<group>"; };
/* End PBXFileReference section */

/* Begin PBXFrameworksBuildPhase section */
		A426E3802A95B3B6003FEA13 /* Frameworks */ = {
			isa = PBXFrameworksBuildPhase;
			buildActionMask = 2147483647;
			files = (
			);
			runOnlyForDeploymentPostprocessing = 0;
		};
		A426E3902A95B3B7003FEA13 /* Frameworks */ = {
			isa = PBXFrameworksBuildPhase;
			buildActionMask = 2147483647;
			files = (
			);
			runOnlyForDeploymentPostprocessing = 0;
		};
		A426E39A2A95B3B7003FEA13 /* Frameworks */ = {
			isa = PBXFrameworksBuildPhase;
			buildActionMask = 2147483647;
			files = (
			);
			runOnlyForDeploymentPostprocessing = 0;
		};
/* End PBXFrameworksBuildPhase section */

/* Begin PBXGroup section */
		A426E37A2A95B3B6003FEA13 = {
			isa = PBXGroup;
			children = (
				A426E3842A95B3B6003FEA13 /* Products */,
				A426E3B02A95B3D9003FEA13 /* Resources */,
				A426E3B12A95B420003FEA13 /* Scripts */,
				A426E3852A95B3B6003FEA13 /* Source */,
				A426E3A02A95B3B7003FEA13 /* UITests */,
				A426E3962A95B3B7003FEA13 /* UnitTests */,
			);
			sourceTree = "<group>";
		};
		A426E3842A95B3B6003FEA13 /* Products */ = {
			isa = PBXGroup;
			children = (
				A426E3832A95B3B6003FEA13 /* AppTemplate.app */,
				A426E3932A95B3B7003FEA13 /* AppTemplateTests.xctest */,
				A426E39D2A95B3B7003FEA13 /* AppTemplateUITests.xctest */,
			);
			name = Products;
			sourceTree = "<group>";
		};
		A426E3852A95B3B6003FEA13 /* Source */ = {
			isa = PBXGroup;
			children = (
				A426E3862A95B3B6003FEA13 /* AppTemplateApp.swift */,
				A426E3882A95B3B6003FEA13 /* ContentView.swift */,
				A426E38C2A95B3B7003FEA13 /* Preview Content */,
			);
			path = Source;
			sourceTree = "<group>";
		};
		A426E38C2A95B3B7003FEA13 /* Preview Content */ = {
			isa = PBXGroup;
			children = (
				A426E38D2A95B3B7003FEA13 /* Preview Assets.xcassets */,
			);
			path = "Preview Content";
			sourceTree = "<group>";
		};
		A426E3962A95B3B7003FEA13 /* UnitTests */ = {
			isa = PBXGroup;
			children = (
				A426E3972A95B3B7003FEA13 /* AppTemplateTests.swift */,
			);
			path = UnitTests;
			sourceTree = "<group>";
		};
		A426E3A02A95B3B7003FEA13 /* UITests */ = {
			isa = PBXGroup;
			children = (
				A426E3A12A95B3B7003FEA13 /* AppTemplateUITests.swift */,
				A426E3A32A95B3B7003FEA13 /* AppTemplateUITestsLaunchTests.swift */,
			);
			path = UITests;
			sourceTree = "<group>";
		};
		A426E3B02A95B3D9003FEA13 /* Resources */ = {
			isa = PBXGroup;
			children = (
				A426E38A2A95B3B7003FEA13 /* Assets.xcassets */,
			);
			path = Resources;
			sourceTree = "<group>";
		};
/* End PBXGroup section */

/* Begin PBXNativeTarget section */
		A426E3822A95B3B6003FEA13 /* AppTemplate */ = {
			isa = PBXNativeTarget;
			buildConfigurationList = A426E3A72A95B3B7003FEA13 /* Build configuration list for PBXNativeTarget "AppTemplate" */;
			buildPhases = (
				A426E37F2A95B3B6003FEA13 /* Sources */,
				A426E3802A95B3B6003FEA13 /* Frameworks */,
				A426E3812A95B3B6003FEA13 /* Resources */,
			);
			buildRules = (
			);
			dependencies = (
			);
			name = AppTemplate;
			productName = AppTemplate;
			productReference = A426E3832A95B3B6003FEA13 /* AppTemplate.app */;
			productType = "com.apple.product-type.application";
		};
		A426E3922A95B3B7003FEA13 /* AppTemplateTests */ = {
			isa = PBXNativeTarget;
			buildConfigurationList = A426E3AA2A95B3B7003FEA13 /* Build configuration list for PBXNativeTarget "AppTemplateTests" */;
			buildPhases = (
				A426E38F2A95B3B7003FEA13 /* Sources */,
				A426E3902A95B3B7003FEA13 /* Frameworks */,
				A426E3912A95B3B7003FEA13 /* Resources */,
			);
			buildRules = (
			);
			dependencies = (
				A426E3952A95B3B7003FEA13 /* PBXTargetDependency */,
			);
			name = AppTemplateTests;
			productName = AppTemplateTests;
			productReference = A426E3932A95B3B7003FEA13 /* AppTemplateTests.xctest */;
			productType = "com.apple.product-type.bundle.unit-test";
		};
		A426E39C2A95B3B7003FEA13 /* AppTemplateUITests */ = {
			isa = PBXNativeTarget;
			buildConfigurationList = A426E3AD2A95B3B7003FEA13 /* Build configuration list for PBXNativeTarget "AppTemplateUITests" */;
			buildPhases = (
				A426E3992A95B3B7003FEA13 /* Sources */,
				A426E39A2A95B3B7003FEA13 /* Frameworks */,
				A426E39B2A95B3B7003FEA13 /* Resources */,
			);
			buildRules = (
			);
			dependencies = (
				A426E39F2A95B3B7003FEA13 /* PBXTargetDependency */,
			);
			name = AppTemplateUITests;
			productName = AppTemplateUITests;
			productReference = A426E39D2A95B3B7003FEA13 /* AppTemplateUITests.xctest */;
			productType = "com.apple.product-type.bundle.ui-testing";
		};
/* End PBXNativeTarget section */

/* Begin PBXProject section */
		A426E37B2A95B3B6003FEA13 /* Project object */ = {
			isa = PBXProject;
			attributes = {
				BuildIndependentTargetsInParallel = 1;
				LastSwiftUpdateCheck = 1430;
				LastUpgradeCheck = 1430;
				TargetAttributes = {
					A426E3822A95B3B6003FEA13 = {
						CreatedOnToolsVersion = 14.3;
					};
					A426E3922A95B3B7003FEA13 = {
						CreatedOnToolsVersion = 14.3;
						TestTargetID = A426E3822A95B3B6003FEA13;
					};
					A426E39C2A95B3B7003FEA13 = {
						CreatedOnToolsVersion = 14.3;
						TestTargetID = A426E3822A95B3B6003FEA13;
					};
				};
			};
			buildConfigurationList = A426E37E2A95B3B6003FEA13 /* Build configuration list for PBXProject "AppTemplate" */;
			compatibilityVersion = "Xcode 14.0";
			developmentRegion = en;
			hasScannedForEncodings = 0;
			knownRegions = (
				en,
				Base,
			);
			mainGroup = A426E37A2A95B3B6003FEA13;
			productRefGroup = A426E3842A95B3B6003FEA13 /* Products */;
			projectDirPath = "";
			projectRoot = "";
			targets = (
				A426E3822A95B3B6003FEA13 /* AppTemplate */,
				A426E3922A95B3B7003FEA13 /* AppTemplateTests */,
				A426E39C2A95B3B7003FEA13 /* AppTemplateUITests */,
			);
		};
/* End PBXProject section */

/* Begin PBXResourcesBuildPhase section */
		A426E3812A95B3B6003FEA13 /* Resources */ = {
			isa = PBXResourcesBuildPhase;
			buildActionMask = 2147483647;
			files = (
				A426E3B22A95B420003FEA13 /* Scripts in Resources */,
				A426E38E2A95B3B7003FEA13 /* Preview Assets.xcassets in Resources */,
				A426E38B2A95B3B7003FEA13 /* Assets.xcassets in Resources */,
			);
			runOnlyForDeploymentPostprocessing = 0;
		};
		A426E3912A95B3B7003FEA13 /* Resources */ = {
			isa = PBXResourcesBuildPhase;
			buildActionMask = 2147483647;
			files = (
			);
			runOnlyForDeploymentPostprocessing = 0;
		};
		A426E39B2A95B3B7003FEA13 /* Resources */ = {
			isa = PBXResourcesBuildPhase;
			buildActionMask = 2147483647;
			files = (
			);
			runOnlyForDeploymentPostprocessing = 0;
		};
/* End PBXResourcesBuildPhase section */

/* Begin PBXSourcesBuildPhase section */
		A426E37F2A95B3B6003FEA13 /* Sources */ = {
			isa = PBXSourcesBuildPhase;
			buildActionMask = 2147483647;
			files = (
				A426E3892A95B3B6003FEA13 /* ContentView.swift in Sources */,
				A426E3872A95B3B6003FEA13 /* AppTemplateApp.swift in Sources */,
			);
			runOnlyForDeploymentPostprocessing = 0;
		};
		A426E38F2A95B3B7003FEA13 /* Sources */ = {
			isa = PBXSourcesBuildPhase;
			buildActionMask = 2147483647;
			files = (
				A426E3982A95B3B7003FEA13 /* AppTemplateTests.swift in Sources */,
			);
			runOnlyForDeploymentPostprocessing = 0;
		};
		A426E3992A95B3B7003FEA13 /* Sources */ = {
			isa = PBXSourcesBuildPhase;
			buildActionMask = 2147483647;
			files = (
				A426E3A42A95B3B7003FEA13 /* AppTemplateUITestsLaunchTests.swift in Sources */,
				A426E3A22A95B3B7003FEA13 /* AppTemplateUITests.swift in Sources */,
			);
			runOnlyForDeploymentPostprocessing = 0;
		};
/* End PBXSourcesBuildPhase section */

/* Begin PBXTargetDependency section */
		A426E3952A95B3B7003FEA13 /* PBXTargetDependency */ = {
			isa = PBXTargetDependency;
			target = A426E3822A95B3B6003FEA13 /* AppTemplate */;
			targetProxy = A426E3942A95B3B7003FEA13 /* PBXContainerItemProxy */;
		};
		A426E39F2A95B3B7003FEA13 /* PBXTargetDependency */ = {
			isa = PBXTargetDependency;
			target = A426E3822A95B3B6003FEA13 /* AppTemplate */;
			targetProxy = A426E39E2A95B3B7003FEA13 /* PBXContainerItemProxy */;
		};
/* End PBXTargetDependency section */

/* Begin XCBuildConfiguration section */
		A426E3A52A95B3B7003FEA13 /* Debug */ = {
			isa = XCBuildConfiguration;
			buildSettings = {
				ALWAYS_SEARCH_USER_PATHS = NO;
				CLANG_ANALYZER_NONNULL = YES;
				CLANG_ANALYZER_NUMBER_OBJECT_CONVERSION = YES_AGGRESSIVE;
				CLANG_CXX_LANGUAGE_STANDARD = "gnu++20";
				CLANG_ENABLE_MODULES = YES;
				CLANG_ENABLE_OBJC_ARC = YES;
				CLANG_ENABLE_OBJC_WEAK = YES;
				CLANG_WARN_BLOCK_CAPTURE_AUTORELEASING = YES;
				CLANG_WARN_BOOL_CONVERSION = YES;
				CLANG_WARN_COMMA = YES;
				CLANG_WARN_CONSTANT_CONVERSION = YES;
				CLANG_WARN_DEPRECATED_OBJC_IMPLEMENTATIONS = YES;
				CLANG_WARN_DIRECT_OBJC_ISA_USAGE = YES_ERROR;
				CLANG_WARN_DOCUMENTATION_COMMENTS = YES;
				CLANG_WARN_EMPTY_BODY = YES;
				CLANG_WARN_ENUM_CONVERSION = YES;
				CLANG_WARN_INFINITE_RECURSION = YES;
				CLANG_WARN_INT_CONVERSION = YES;
				CLANG_WARN_NON_LITERAL_NULL_CONVERSION = YES;
				CLANG_WARN_OBJC_IMPLICIT_RETAIN_SELF = YES;
				CLANG_WARN_OBJC_LITERAL_CONVERSION = YES;
				CLANG_WARN_OBJC_ROOT_CLASS = YES_ERROR;
				CLANG_WARN_QUOTED_INCLUDE_IN_FRAMEWORK_HEADER = YES;
				CLANG_WARN_RANGE_LOOP_ANALYSIS = YES;
				CLANG_WARN_STRICT_PROTOTYPES = YES;
				CLANG_WARN_SUSPICIOUS_MOVE = YES;
				CLANG_WARN_UNGUARDED_AVAILABILITY = YES_AGGRESSIVE;
				CLANG_WARN_UNREACHABLE_CODE = YES;
				CLANG_WARN__DUPLICATE_METHOD_MATCH = YES;
				COPY_PHASE_STRIP = NO;
				DEBUG_INFORMATION_FORMAT = dwarf;
				ENABLE_STRICT_OBJC_MSGSEND = YES;
				ENABLE_TESTABILITY = YES;
				GCC_C_LANGUAGE_STANDARD = gnu11;
				GCC_DYNAMIC_NO_PIC = NO;
				GCC_NO_COMMON_BLOCKS = YES;
				GCC_OPTIMIZATION_LEVEL = 0;
				GCC_PREPROCESSOR_DEFINITIONS = (
					"DEBUG=1",
					"$(inherited)",
				);
				GCC_WARN_64_TO_32_BIT_CONVERSION = YES;
				GCC_WARN_ABOUT_RETURN_TYPE = YES_ERROR;
				GCC_WARN_UNDECLARED_SELECTOR = YES;
				GCC_WARN_UNINITIALIZED_AUTOS = YES_AGGRESSIVE;
				GCC_WARN_UNUSED_FUNCTION = YES;
				GCC_WARN_UNUSED_VARIABLE = YES;
				IPHONEOS_DEPLOYMENT_TARGET = 16.4;
				MTL_ENABLE_DEBUG_INFO = INCLUDE_SOURCE;
				MTL_FAST_MATH = YES;
				ONLY_ACTIVE_ARCH = YES;
				SDKROOT = iphoneos;
				SWIFT_ACTIVE_COMPILATION_CONDITIONS = DEBUG;
				SWIFT_OPTIMIZATION_LEVEL = "-Onone";
			};
			name = Debug;
		};
		A426E3A62A95B3B7003FEA13 /* Release */ = {
			isa = XCBuildConfiguration;
			buildSettings = {
				ALWAYS_SEARCH_USER_PATHS = NO;
				CLANG_ANALYZER_NONNULL = YES;
				CLANG_ANALYZER_NUMBER_OBJECT_CONVERSION = YES_AGGRESSIVE;
				CLANG_CXX_LANGUAGE_STANDARD = "gnu++20";
				CLANG_ENABLE_MODULES = YES;
				CLANG_ENABLE_OBJC_ARC = YES;
				CLANG_ENABLE_OBJC_WEAK = YES;
				CLANG_WARN_BLOCK_CAPTURE_AUTORELEASING = YES;
				CLANG_WARN_BOOL_CONVERSION = YES;
				CLANG_WARN_COMMA = YES;
				CLANG_WARN_CONSTANT_CONVERSION = YES;
				CLANG_WARN_DEPRECATED_OBJC_IMPLEMENTATIONS = YES;
				CLANG_WARN_DIRECT_OBJC_ISA_USAGE = YES_ERROR;
				CLANG_WARN_DOCUMENTATION_COMMENTS = YES;
				CLANG_WARN_EMPTY_BODY = YES;
				CLANG_WARN_ENUM_CONVERSION = YES;
				CLANG_WARN_INFINITE_RECURSION = YES;
				CLANG_WARN_INT_CONVERSION = YES;
				CLANG_WARN_NON_LITERAL_NULL_CONVERSION = YES;
				CLANG_WARN_OBJC_IMPLICIT_RETAIN_SELF = YES;
				CLANG_WARN_OBJC_LITERAL_CONVERSION = YES;
				CLANG_WARN_OBJC_ROOT_CLASS = YES_ERROR;
				CLANG_WARN_QUOTED_INCLUDE_IN_FRAMEWORK_HEADER = YES;
				CLANG_WARN_RANGE_LOOP_ANALYSIS = YES;
				CLANG_WARN_STRICT_PROTOTYPES = YES;
				CLANG_WARN_SUSPICIOUS_MOVE = YES;
				CLANG_WARN_UNGUARDED_AVAILABILITY = YES_AGGRESSIVE;
				CLANG_WARN_UNREACHABLE_CODE = YES;
				CLANG_WARN__DUPLICATE_METHOD_MATCH = YES;
				COPY_PHASE_STRIP = NO;
				DEBUG_INFORMATION_FORMAT = "dwarf-with-dsym";
				ENABLE_NS_ASSERTIONS = NO;
				ENABLE_STRICT_OBJC_MSGSEND = YES;
				GCC_C_LANGUAGE_STANDARD = gnu11;
				GCC_NO_COMMON_BLOCKS = YES;
				GCC_WARN_64_TO_32_BIT_CONVERSION = YES;
				GCC_WARN_ABOUT_RETURN_TYPE = YES_ERROR;
				GCC_WARN_UNDECLARED_SELECTOR = YES;
				GCC_WARN_UNINITIALIZED_AUTOS = YES_AGGRESSIVE;
				GCC_WARN_UNUSED_FUNCTION = YES;
				GCC_WARN_UNUSED_VARIABLE = YES;
				IPHONEOS_DEPLOYMENT_TARGET = 16.4;
				MTL_ENABLE_DEBUG_INFO = NO;
				MTL_FAST_MATH = YES;
				SDKROOT = iphoneos;
				SWIFT_COMPILATION_MODE = wholemodule;
				SWIFT_OPTIMIZATION_LEVEL = "-O";
				VALIDATE_PRODUCT = YES;
			};
			name = Release;
		};
		A426E3A82A95B3B7003FEA13 /* Debug */ = {
			isa = XCBuildConfiguration;
			buildSettings = {
				ASSETCATALOG_COMPILER_APPICON_NAME = AppIcon;
				ASSETCATALOG_COMPILER_GLOBAL_ACCENT_COLOR_NAME = AccentColor;
				CODE_SIGN_STYLE = Automatic;
				CURRENT_PROJECT_VERSION = 1;
				DEVELOPMENT_ASSET_PATHS = "\"AppTemplate/Preview Content\"";
				DEVELOPMENT_TEAM = K6S9ARSMGH;
				ENABLE_PREVIEWS = YES;
				GENERATE_INFOPLIST_FILE = YES;
				INFOPLIST_KEY_UIApplicationSceneManifest_Generation = YES;
				INFOPLIST_KEY_UIApplicationSupportsIndirectInputEvents = YES;
				INFOPLIST_KEY_UILaunchScreen_Generation = YES;
				INFOPLIST_KEY_UISupportedInterfaceOrientations_iPad = "UIInterfaceOrientationPortrait UIInterfaceOrientationPortraitUpsideDown UIInterfaceOrientationLandscapeLeft UIInterfaceOrientationLandscapeRight";
				INFOPLIST_KEY_UISupportedInterfaceOrientations_iPhone = "UIInterfaceOrientationPortrait UIInterfaceOrientationLandscapeLeft UIInterfaceOrientationLandscapeRight";
				LD_RUNPATH_SEARCH_PATHS = (
					"$(inherited)",
					"@executable_path/Frameworks",
				);
				MARKETING_VERSION = 1.0;
				PRODUCT_BUNDLE_IDENTIFIER = au.com.jamminapps.AppTemplate;
				PRODUCT_NAME = "$(TARGET_NAME)";
				SWIFT_EMIT_LOC_STRINGS = YES;
				SWIFT_VERSION = 5.0;
				TARGETED_DEVICE_FAMILY = "1,2";
			};
			name = Debug;
		};
		A426E3A92A95B3B7003FEA13 /* Release */ = {
			isa = XCBuildConfiguration;
			buildSettings = {
				ASSETCATALOG_COMPILER_APPICON_NAME = AppIcon;
				ASSETCATALOG_COMPILER_GLOBAL_ACCENT_COLOR_NAME = AccentColor;
				CODE_SIGN_STYLE = Automatic;
				CURRENT_PROJECT_VERSION = 1;
				DEVELOPMENT_ASSET_PATHS = "\"AppTemplate/Preview Content\"";
				DEVELOPMENT_TEAM = K6S9ARSMGH;
				ENABLE_PREVIEWS = YES;
				GENERATE_INFOPLIST_FILE = YES;
				INFOPLIST_KEY_UIApplicationSceneManifest_Generation = YES;
				INFOPLIST_KEY_UIApplicationSupportsIndirectInputEvents = YES;
				INFOPLIST_KEY_UILaunchScreen_Generation = YES;
				INFOPLIST_KEY_UISupportedInterfaceOrientations_iPad = "UIInterfaceOrientationPortrait UIInterfaceOrientationPortraitUpsideDown UIInterfaceOrientationLandscapeLeft UIInterfaceOrientationLandscapeRight";
				INFOPLIST_KEY_UISupportedInterfaceOrientations_iPhone = "UIInterfaceOrientationPortrait UIInterfaceOrientationLandscapeLeft UIInterfaceOrientationLandscapeRight";
				LD_RUNPATH_SEARCH_PATHS = (
					"$(inherited)",
					"@executable_path/Frameworks",
				);
				MARKETING_VERSION = 1.0;
				PRODUCT_BUNDLE_IDENTIFIER = au.com.jamminapps.AppTemplate;
				PRODUCT_NAME = "$(TARGET_NAME)";
				SWIFT_EMIT_LOC_STRINGS = YES;
				SWIFT_VERSION = 5.0;
				TARGETED_DEVICE_FAMILY = "1,2";
			};
			name = Release;
		};
		A426E3AB2A95B3B7003FEA13 /* Debug */ = {
			isa = XCBuildConfiguration;
			buildSettings = {
				ALWAYS_EMBED_SWIFT_STANDARD_LIBRARIES = YES;
				BUNDLE_LOADER = "$(TEST_HOST)";
				CODE_SIGN_STYLE = Automatic;
				CURRENT_PROJECT_VERSION = 1;
				DEVELOPMENT_TEAM = K6S9ARSMGH;
				GENERATE_INFOPLIST_FILE = YES;
				IPHONEOS_DEPLOYMENT_TARGET = 16.4;
				MARKETING_VERSION = 1.0;
				PRODUCT_BUNDLE_IDENTIFIER = au.com.jamminapps.AppTemplateTests;
				PRODUCT_NAME = "$(TARGET_NAME)";
				SWIFT_EMIT_LOC_STRINGS = NO;
				SWIFT_VERSION = 5.0;
				TARGETED_DEVICE_FAMILY = "1,2";
				TEST_HOST = "$(BUILT_PRODUCTS_DIR)/AppTemplate.app/$(BUNDLE_EXECUTABLE_FOLDER_PATH)/AppTemplate";
			};
			name = Debug;
		};
		A426E3AC2A95B3B7003FEA13 /* Release */ = {
			isa = XCBuildConfiguration;
			buildSettings = {
				ALWAYS_EMBED_SWIFT_STANDARD_LIBRARIES = YES;
				BUNDLE_LOADER = "$(TEST_HOST)";
				CODE_SIGN_STYLE = Automatic;
				CURRENT_PROJECT_VERSION = 1;
				DEVELOPMENT_TEAM = K6S9ARSMGH;
				GENERATE_INFOPLIST_FILE = YES;
				IPHONEOS_DEPLOYMENT_TARGET = 16.4;
				MARKETING_VERSION = 1.0;
				PRODUCT_BUNDLE_IDENTIFIER = au.com.jamminapps.AppTemplateTests;
				PRODUCT_NAME = "$(TARGET_NAME)";
				SWIFT_EMIT_LOC_STRINGS = NO;
				SWIFT_VERSION = 5.0;
				TARGETED_DEVICE_FAMILY = "1,2";
				TEST_HOST = "$(BUILT_PRODUCTS_DIR)/AppTemplate.app/$(BUNDLE_EXECUTABLE_FOLDER_PATH)/AppTemplate";
			};
			name = Release;
		};
		A426E3AE2A95B3B7003FEA13 /* Debug */ = {
			isa = XCBuildConfiguration;
			buildSettings = {
				ALWAYS_EMBED_SWIFT_STANDARD_LIBRARIES = YES;
				CODE_SIGN_STYLE = Automatic;
				CURRENT_PROJECT_VERSION = 1;
				DEVELOPMENT_TEAM = K6S9ARSMGH;
				GENERATE_INFOPLIST_FILE = YES;
				MARKETING_VERSION = 1.0;
				PRODUCT_BUNDLE_IDENTIFIER = au.com.jamminapps.AppTemplateUITests;
				PRODUCT_NAME = "$(TARGET_NAME)";
				SWIFT_EMIT_LOC_STRINGS = NO;
				SWIFT_VERSION = 5.0;
				TARGETED_DEVICE_FAMILY = "1,2";
				TEST_TARGET_NAME = AppTemplate;
			};
			name = Debug;
		};
		A426E3AF2A95B3B7003FEA13 /* Release */ = {
			isa = XCBuildConfiguration;
			buildSettings = {
				ALWAYS_EMBED_SWIFT_STANDARD_LIBRARIES = YES;
				CODE_SIGN_STYLE = Automatic;
				CURRENT_PROJECT_VERSION = 1;
				DEVELOPMENT_TEAM = K6S9ARSMGH;
				GENERATE_INFOPLIST_FILE = YES;
				MARKETING_VERSION = 1.0;
				PRODUCT_BUNDLE_IDENTIFIER = au.com.jamminapps.AppTemplateUITests;
				PRODUCT_NAME = "$(TARGET_NAME)";
				SWIFT_EMIT_LOC_STRINGS = NO;
				SWIFT_VERSION = 5.0;
				TARGETED_DEVICE_FAMILY = "1,2";
				TEST_TARGET_NAME = AppTemplate;
			};
			name = Release;
		};
/* End XCBuildConfiguration section */

/* Begin XCConfigurationList section */
		A426E37E2A95B3B6003FEA13 /* Build configuration list for PBXProject "AppTemplate" */ = {
			isa = XCConfigurationList;
			buildConfigurations = (
				A426E3A52A95B3B7003FEA13 /* Debug */,
				A426E3A62A95B3B7003FEA13 /* Release */,
			);
			defaultConfigurationIsVisible = 0;
			defaultConfigurationName = Release;
		};
		A426E3A72A95B3B7003FEA13 /* Build configuration list for PBXNativeTarget "AppTemplate" */ = {
			isa = XCConfigurationList;
			buildConfigurations = (
				A426E3A82A95B3B7003FEA13 /* Debug */,
				A426E3A92A95B3B7003FEA13 /* Release */,
			);
			defaultConfigurationIsVisible = 0;
			defaultConfigurationName = Release;
		};
		A426E3AA2A95B3B7003FEA13 /* Build configuration list for PBXNativeTarget "AppTemplateTests" */ = {
			isa = XCConfigurationList;
			buildConfigurations = (
				A426E3AB2A95B3B7003FEA13 /* Debug */,
				A426E3AC2A95B3B7003FEA13 /* Release */,
			);
			defaultConfigurationIsVisible = 0;
			defaultConfigurationName = Release;
		};
		A426E3AD2A95B3B7003FEA13 /* Build configuration list for PBXNativeTarget "AppTemplateUITests" */ = {
			isa = XCConfigurationList;
			buildConfigurations = (
				A426E3AE2A95B3B7003FEA13 /* Debug */,
				A426E3AF2A95B3B7003FEA13 /* Release */,
			);
			defaultConfigurationIsVisible = 0;
			defaultConfigurationName = Release;
		};
/* End XCConfigurationList section */
	};
	rootObject = A426E37B2A95B3B6003FEA13 /* Project object */;
}
